# This file is generated by noeta; it is meant to be committed. Do not edit.
version = 2

[[package]]
name = "para/aether"
version = "0.1.0"
source = "path"
path = "../../../packages/para-aether"
edition = "2026"
hash = "a321103c850269ab36b548cde2ae3f96d39418689408afb09c88d7736abbd38e"

[[package]]
name = "para/db"
version = "0.1.0"
source = "path"
path = "../../../packages/para-db"
native = "native"
edition = "2026"
hash = "68aa45c3bd1675c113062ecb34cbd6395fa50a626567ec75ea904f8b3ebd8c81"
