# This file is generated by noeta; it is meant to be committed. Do not edit.
version = 2

[[package]]
name = "noeta/para_p2p"
version = "0.1.0"
source = "path"
path = "../../packages/para-p2p"
native = "native"
edition = "2026"
hash = "1823b357379f66d3b50e0b00691460a9fb1648edff2a8b62eb4d30937f845d8b"
