# This file is generated by noeta; it is meant to be committed. Do not edit.
version = 2

[[package]]
name = "noeta/para_p2p"
version = "0.1.0"
source = "path"
path = "../../packages/para-p2p"
native = "native"
edition = "2026"
hash = "b1aaa2959e44a40f255296d673f090f0914d2f495df5ec7b915838708d75d697"
